Microsoft Visual Studio Solution File, Format Version 12.00
# Visual Studio Version 17
VisualStudioVersion = 17.5.2.0
MinimumVisualStudioVersion = 10.0.40219.1
Project("{2150E333-8FDC-42A3-9474-1A3956D46DE8}") = "NEXO", "NEXO", "{3B758069-5897-57A2-9DDB-616B3BDB223E}"
EndProject
Project("{2150E333-8FDC-42A3-9474-1A3956D46DE8}") = "Backend", "Backend", "{00FB3821-A127-AD6E-0ACD-AA5C8B467A8F}"
EndProject
Project("{FAE04EC0-301F-11D3-BF4B-00C04F79EFBC}") = "Nexo.Api", "NEXO\Backend\Nexo.Api\Nexo.Api.csproj", "{5630854A-EED0-5ACC-FE80-6DDBB0CEFC2E}"
EndProject
Global
	GlobalSection(SolutionConfigurationPlatforms) = preSolution
		Debug|Any CPU = Debug|Any CPU
		Release|Any CPU = Release|Any CPU
	EndGlobalSection
	GlobalSection(ProjectConfigurationPlatforms) = postSolution
		{5630854A-EED0-5ACC-FE80-6DDBB0CEFC2E}.Debug|Any CPU.ActiveCfg = Debug|Any CPU
		{5630854A-EED0-5ACC-FE80-6DDBB0CEFC2E}.Debug|Any CPU.Build.0 = Debug|Any CPU
		{5630854A-EED0-5ACC-FE80-6DDBB0CEFC2E}.Release|Any CPU.ActiveCfg = Release|Any CPU
		{5630854A-EED0-5ACC-FE80-6DDBB0CEFC2E}.Release|Any CPU.Build.0 = Release|Any CPU
	EndGlobalSection
	GlobalSection(SolutionProperties) = preSolution
		HideSolutionNode = FALSE
	EndGlobalSection
	GlobalSection(NestedProjects) = preSolution
		{00FB3821-A127-AD6E-0ACD-AA5C8B467A8F} = {3B758069-5897-57A2-9DDB-616B3BDB223E}
		{5630854A-EED0-5ACC-FE80-6DDBB0CEFC2E} = {00FB3821-A127-AD6E-0ACD-AA5C8B467A8F}
	EndGlobalSection
	GlobalSection(ExtensibilityGlobals) = postSolution
		SolutionGuid = {319DE020-1505-4A17-A745-40CB9CE828AF}
	EndGlobalSection
EndGlobal
